
Microsoft Visual Studio Solution File, Format Version 12.00
# Visual Studio for Mac
Project("{FAE04EC0-301F-11D3-BF4B-00C04F79EFBC}") = "Mahjong Master - DA - Final", "Mahjong Master - DA - Final.csproj", "{42A9BA6F-CBCC-C8AD-5A04-D44F7965E18D}"
EndProject
Global
	GlobalSection(SolutionConfigurationPlatforms) = preSolution
		Debug|Any CPU = Debug|Any CPU
		Release|Any CPU = Release|Any CPU
	EndGlobalSection
	GlobalSection(ProjectConfigurationPlatforms) = postSolution
		{42A9BA6F-CBCC-C8AD-5A04-D44F7965E18D}.Debug|Any CPU.ActiveCfg = Debug|Any CPU
		{42A9BA6F-CBCC-C8AD-5A04-D44F7965E18D}.Debug|Any CPU.Build.0 = Debug|Any CPU
		{42A9BA6F-CBCC-C8AD-5A04-D44F7965E18D}.Release|Any CPU.ActiveCfg = Release|Any CPU
		{42A9BA6F-CBCC-C8AD-5A04-D44F7965E18D}.Release|Any CPU.Build.0 = Release|Any CPU
	EndGlobalSection
	GlobalSection(SolutionProperties) = preSolution
		HideSolutionNode = FALSE
	EndGlobalSection
EndGlobal
